
Microsoft Visual Studio Solution File, Format Version 12.00
# Visual Studio Version 17
VisualStudioVersion = 17.7.34003.232
MinimumVisualStudioVersion = 10.0.40219.1
Project("{FAE04EC0-301F-11D3-BF4B-00C04F79EFBC}") = "GewanInfo", "GewanInfo.csproj", "{C762482D-08F4-4B3A-B635-15A77E4FA896}"
EndProject
Global
	GlobalSection(SolutionConfigurationPlatforms) = preSolution
		Debug|Any CPU = Debug|Any CPU
		Release|Any CPU = Release|Any CPU
	EndGlobalSection
	GlobalSection(ProjectConfigurationPlatforms) = postSolution
		{C762482D-08F4-4B3A-B635-15A77E4FA896}.Debug|Any CPU.ActiveCfg = Debug|Any CPU
		{C762482D-08F4-4B3A-B635-15A77E4FA896}.Debug|Any CPU.Build.0 = Debug|Any CPU
		{C762482D-08F4-4B3A-B635-15A77E4FA896}.Release|Any CPU.ActiveCfg = Release|Any CPU
		{C762482D-08F4-4B3A-B635-15A77E4FA896}.Release|Any CPU.Build.0 = Release|Any CPU
	EndGlobalSection
	GlobalSection(SolutionProperties) = preSolution
		HideSolutionNode = FALSE
	EndGlobalSection
	GlobalSection(ExtensibilityGlobals) = postSolution
		SolutionGuid = {655FC96D-60CF-4820-9C05-A2718A7BA72C}
	EndGlobalSection
EndGlobal
